
Microsoft Visual Studio Solution File, Format Version 12.00
# Visual Studio 15
VisualStudioVersion = 15.0.26430.14
MinimumVisualStudioVersion = 10.0.40219.1
Project("{FAE04EC0-301F-11D3-BF4B-00C04F79EFBC}") = "BabyApi", "BabyApi\BabyApi.csproj", "{ECD19818-99DF-41F4-B264-45F1EB2923F6}"
EndProject
Project("{2150E333-8FDC-42A3-9474-1A3956D46DE8}") = "Solution Items", "Solution Items", "{A752FDE9-932C-4E99-824D-65649907AE02}"
	ProjectSection(SolutionItems) = preProject
		.vs\config\applicationhost.config = .vs\config\applicationhost.config
	EndProjectSection
EndProject
Global
	GlobalSection(SolutionConfigurationPlatforms) = preSolution
		Debug|Any CPU = Debug|Any CPU
		Release|Any CPU = Release|Any CPU
	EndGlobalSection
	GlobalSection(ProjectConfigurationPlatforms) = postSolution
		{ECD19818-99DF-41F4-B264-45F1EB2923F6}.Debug|Any CPU.ActiveCfg = Debug|Any CPU
		{ECD19818-99DF-41F4-B264-45F1EB2923F6}.Debug|Any CPU.Build.0 = Debug|Any CPU
		{ECD19818-99DF-41F4-B264-45F1EB2923F6}.Release|Any CPU.ActiveCfg = Release|Any CPU
		{ECD19818-99DF-41F4-B264-45F1EB2923F6}.Release|Any CPU.Build.0 = Release|Any CPU
	EndGlobalSection
	GlobalSection(SolutionProperties) = preSolution
		HideSolutionNode = FALSE
	EndGlobalSection
EndGlobal
